
Microsoft Visual Studio Solution File, Format Version 11.00
# Visual Studio 2010
# SharpDevelop 4.4
Project("{FAE04EC0-301F-11D3-BF4B-00C04F79EFBC}") = "VCFsplitter", "VCFsplitter\VCFsplitter.csproj", "{DFD35D39-BA21-459D-91EB-EF6A98750BE5}"
EndProject
Global
	GlobalSection(SolutionConfigurationPlatforms) = preSolution
		Debug|Any CPU = Debug|Any CPU
		Release|Any CPU = Release|Any CPU
	EndGlobalSection
	GlobalSection(ProjectConfigurationPlatforms) = postSolution
		{DFD35D39-BA21-459D-91EB-EF6A98750BE5}.Debug|Any CPU.Build.0 = Debug|Any CPU
		{DFD35D39-BA21-459D-91EB-EF6A98750BE5}.Debug|Any CPU.ActiveCfg = Debug|Any CPU
		{DFD35D39-BA21-459D-91EB-EF6A98750BE5}.Release|Any CPU.Build.0 = Release|Any CPU
		{DFD35D39-BA21-459D-91EB-EF6A98750BE5}.Release|Any CPU.ActiveCfg = Release|Any CPU
	EndGlobalSection
EndGlobal
